// !$*UTF8*$!
{
	archiveVersion = 1;
	classes = {
	};
	objectVersion = 56;
	objects = {

/* Begin PBXBuildFile section */
		2F732CD32BF13FB900C3B16B /* weatherAppApp.swift in Sources */ = {isa = PBXBuildFile; fileRef = 2F732CD22BF13FB900C3B16B /* weatherAppApp.swift */; };
		2F732CD52BF13FB900C3B16B /* ContentView.swift in Sources */ = {isa = PBXBuildFile; fileRef = 2F732CD42BF13FB900C3B16B /* ContentView.swift */; };
		2F732CD72BF13FBA00C3B16B /* Assets.xcassets in Resources */ = {isa = PBXBuildFile; fileRef = 2F732CD62BF13FBA00C3B16B /* Assets.xcassets */; };
		2F732CDA2BF13FBA00C3B16B /* Preview Assets.xcassets in Resources */ = {isa = PBXBuildFile; fileRef = 2F732CD92BF13FBA00C3B16B /* Preview Assets.xcassets */; };
		2F732CE42BF13FBA00C3B16B /* weatherAppTests.swift in Sources */ = {isa = PBXBuildFile; fileRef = 2F732CE32BF13FBA00C3B16B /* weatherAppTests.swift */; };
		2F732CEE2BF13FBA00C3B16B /* weatherAppUITests.swift in Sources */ = {isa = PBXBuildFile; fileRef = 2F732CED2BF13FBA00C3B16B /* weatherAppUITests.swift */; };
		2F732CF02BF13FBA00C3B16B /* weatherAppUITestsLaunchTests.swift in Sources */ = {isa = PBXBuildFile; fileRef = 2F732CEF2BF13FBA00C3B16B /* weatherAppUITestsLaunchTests.swift */; };
		2F732CFE2BF1408300C3B16B /* LocationManager.swift in Sources */ = {isa = PBXBuildFile; fileRef = 2F732CFD2BF1408300C3B16B /* LocationManager.swift */; };
		2F732D012BF1425800C3B16B /* WelcomeView.swift in Sources */ = {isa = PBXBuildFile; fileRef = 2F732D002BF1425800C3B16B /* WelcomeView.swift */; };
		2F732D032BF1474C00C3B16B /* LoadingView.swift in Sources */ = {isa = PBXBuildFile; fileRef = 2F732D022BF1474C00C3B16B /* LoadingView.swift */; };
		2F95EAE02BF2708900DEAA2B /* WeatherManager.swift in Sources */ = {isa = PBXBuildFile; fileRef = 2F95EADF2BF2708900DEAA2B /* WeatherManager.swift */; };
/* End PBXBuildFile section */

/* Begin PBXContainerItemProxy section */
		2F732CE02BF13FBA00C3B16B /* PBXContainerItemProxy */ = {
			isa = PBXContainerItemProxy;
			containerPortal = 2F732CC72BF13FB900C3B16B /* Project object */;
			proxyType = 1;
			remoteGlobalIDString = 2F732CCE2BF13FB900C3B16B;
			remoteInfo = weatherApp;
		};
		2F732CEA2BF13FBA00C3B16B /* PBXContainerItemProxy */ = {
			isa = PBXContainerItemProxy;
			containerPortal = 2F732CC72BF13FB900C3B16B /* Project object */;
			proxyType = 1;
			remoteGlobalIDString = 2F732CCE2BF13FB900C3B16B;
			remoteInfo = weatherApp;
		};
/* End PBXContainerItemProxy section */

/* Begin PBXFileReference section */
		2F732CCF2BF13FB900C3B16B /* weatherApp.app */ = {isa = PBXFileReference; explicitFileType = wrapper.application; includeInIndex = 0; path = weatherApp.app; sourceTree = BUILT_PRODUCTS_DIR; };
		2F732CD22BF13FB900C3B16B /* weatherAppApp.swift */ = {isa = PBXFileReference; lastKnownFileType = sourcecode.swift; path = weatherAppApp.swift; sourceTree = "<group>"; };
		2F732CD42BF13FB900C3B16B /* ContentView.swift */ = {isa = PBXFileReference; lastKnownFileType = sourcecode.swift; path = ContentView.swift; sourceTree = "<group>"; };
		2F732CD62BF13FBA00C3B16B /* Assets.xcassets */ = {isa = PBXFileReference; lastKnownFileType = folder.assetcatalog; path = Assets.xcassets; sourceTree = "<group>"; };
		2F732CD92BF13FBA00C3B16B /* Preview Assets.xcassets */ = {isa = PBXFileReference; lastKnownFileType = folder.assetcatalog; path = "Preview Assets.xcassets"; sourceTree = "<group>"; };
		2F732CDF2BF13FBA00C3B16B /* weatherAppTests.xctest */ = {isa = PBXFileReference; explicitFileType = wrapper.cfbundle; includeInIndex = 0; path = weatherAppTests.xctest; sourceTree = BUILT_PRODUCTS_DIR; };
		2F732CE32BF13FBA00C3B16B /* weatherAppTests.swift */ = {isa = PBXFileReference; lastKnownFileType = sourcecode.swift; path = weatherAppTests.swift; sourceTree = "<group>"; };
		2F732CE92BF13FBA00C3B16B /* weatherAppUITests.xctest */ = {isa = PBXFileReference; explicitFileType = wrapper.cfbundle; includeInIndex = 0; path = weatherAppUITests.xctest; sourceTree = BUILT_PRODUCTS_DIR; };
		2F732CED2BF13FBA00C3B16B /* weatherAppUITests.swift */ = {isa = PBXFileReference; lastKnownFileType = sourcecode.swift; path = weatherAppUITests.swift; sourceTree = "<group>"; };
		2F732CEF2BF13FBA00C3B16B /* weatherAppUITestsLaunchTests.swift */ = {isa = PBXFileReference; lastKnownFileType = sourcecode.swift; path = weatherAppUITestsLaunchTests.swift; sourceTree = "<group>"; };
		2F732CFD2BF1408300C3B16B /* LocationManager.swift */ = {isa = PBXFileReference; lastKnownFileType = sourcecode.swift; path = LocationManager.swift; sourceTree = "<group>"; };
		2F732D002BF1425800C3B16B /* WelcomeView.swift */ = {isa = PBXFileReference; lastKnownFileType = sourcecode.swift; path = WelcomeView.swift; sourceTree = "<group>"; };
		2F732D022BF1474C00C3B16B /* LoadingView.swift */ = {isa = PBXFileReference; lastKnownFileType = sourcecode.swift; path = LoadingView.swift; sourceTree = "<group>"; };
		2F95EADF2BF2708900DEAA2B /* WeatherManager.swift */ = {isa = PBXFileReference; lastKnownFileType = sourcecode.swift; path = WeatherManager.swift; sourceTree = "<group>"; };
/* End PBXFileReference section */

/* Begin PBXFrameworksBuildPhase section */
		2F732CCC2BF13FB900C3B16B /* Frameworks */ = {
			isa = PBXFrameworksBuildPhase;
			buildActionMask = 2147483647;
			files = (
			);
			runOnlyForDeploymentPostprocessing = 0;
		};
		2F732CDC2BF13FBA00C3B16B /* Frameworks */ = {
			isa = PBXFrameworksBuildPhase;
			buildActionMask = 2147483647;
			files = (
			);
			runOnlyForDeploymentPostprocessing = 0;
		};
		2F732CE62BF13FBA00C3B16B /* Frameworks */ = {
			isa = PBXFrameworksBuildPhase;
			buildActionMask = 2147483647;
			files = (
			);
			runOnlyForDeploymentPostprocessing = 0;
		};
/* End PBXFrameworksBuildPhase section */

/* Begin PBXGroup section */
		2F732CC62BF13FB900C3B16B = {
			isa = PBXGroup;
			children = (
				2F732CD12BF13FB900C3B16B /* weatherApp */,
				2F732CE22BF13FBA00C3B16B /* weatherAppTests */,
				2F732CEC2BF13FBA00C3B16B /* weatherAppUITests */,
				2F732CD02BF13FB900C3B16B /* Products */,
			);
			sourceTree = "<group>";
		};
		2F732CD02BF13FB900C3B16B /* Products */ = {
			isa = PBXGroup;
			children = (
				2F732CCF2BF13FB900C3B16B /* weatherApp.app */,
				2F732CDF2BF13FBA00C3B16B /* weatherAppTests.xctest */,
				2F732CE92BF13FBA00C3B16B /* weatherAppUITests.xctest */,
			);
			name = Products;
			sourceTree = "<group>";
		};
		2F732CD12BF13FB900C3B16B /* weatherApp */ = {
			isa = PBXGroup;
			children = (
				2F732CFF2BF141E200C3B16B /* Views */,
				2F732CFC2BF1406300C3B16B /* Managers */,
				2F732CD22BF13FB900C3B16B /* weatherAppApp.swift */,
				2F732CD62BF13FBA00C3B16B /* Assets.xcassets */,
				2F732CD82BF13FBA00C3B16B /* Preview Content */,
			);
			path = weatherApp;
			sourceTree = "<group>";
		};
		2F732CD82BF13FBA00C3B16B /* Preview Content */ = {
			isa = PBXGroup;
			children = (
				2F732CD92BF13FBA00C3B16B /* Preview Assets.xcassets */,
			);
			path = "Preview Content";
			sourceTree = "<group>";
		};
		2F732CE22BF13FBA00C3B16B /* weatherAppTests */ = {
			isa = PBXGroup;
			children = (
				2F732CE32BF13FBA00C3B16B /* weatherAppTests.swift */,
			);
			path = weatherAppTests;
			sourceTree = "<group>";
		};
		2F732CEC2BF13FBA00C3B16B /* weatherAppUITests */ = {
			isa = PBXGroup;
			children = (
				2F732CED2BF13FBA00C3B16B /* weatherAppUITests.swift */,
				2F732CEF2BF13FBA00C3B16B /* weatherAppUITestsLaunchTests.swift */,
			);
			path = weatherAppUITests;
			sourceTree = "<group>";
		};
		2F732CFC2BF1406300C3B16B /* Managers */ = {
			isa = PBXGroup;
			children = (
				2F732CFD2BF1408300C3B16B /* LocationManager.swift */,
				2F95EADF2BF2708900DEAA2B /* WeatherManager.swift */,
			);
			path = Managers;
			sourceTree = "<group>";
		};
		2F732CFF2BF141E200C3B16B /* Views */ = {
			isa = PBXGroup;
			children = (
				2F732CD42BF13FB900C3B16B /* ContentView.swift */,
				2F732D002BF1425800C3B16B /* WelcomeView.swift */,
				2F732D022BF1474C00C3B16B /* LoadingView.swift */,
			);
			path = Views;
			sourceTree = "<group>";
		};
/* End PBXGroup section */

/* Begin PBXNativeTarget section */
		2F732CCE2BF13FB900C3B16B /* weatherApp */ = {
			isa = PBXNativeTarget;
			buildConfigurationList = 2F732CF32BF13FBA00C3B16B /* Build configuration list for PBXNativeTarget "weatherApp" */;
			buildPhases = (
				2F732CCB2BF13FB900C3B16B /* Sources */,
				2F732CCC2BF13FB900C3B16B /* Frameworks */,
				2F732CCD2BF13FB900C3B16B /* Resources */,
			);
			buildRules = (
			);
			dependencies = (
			);
			name = weatherApp;
			productName = weatherApp;
			productReference = 2F732CCF2BF13FB900C3B16B /* weatherApp.app */;
			productType = "com.apple.product-type.application";
		};
		2F732CDE2BF13FBA00C3B16B /* weatherAppTests */ = {
			isa = PBXNativeTarget;
			buildConfigurationList = 2F732CF62BF13FBA00C3B16B /* Build configuration list for PBXNativeTarget "weatherAppTests" */;
			buildPhases = (
				2F732CDB2BF13FBA00C3B16B /* Sources */,
				2F732CDC2BF13FBA00C3B16B /* Frameworks */,
				2F732CDD2BF13FBA00C3B16B /* Resources */,
			);
			buildRules = (
			);
			dependencies = (
				2F732CE12BF13FBA00C3B16B /* PBXTargetDependency */,
			);
			name = weatherAppTests;
			productName = weatherAppTests;
			productReference = 2F732CDF2BF13FBA00C3B16B /* weatherAppTests.xctest */;
			productType = "com.apple.product-type.bundle.unit-test";
		};
		2F732CE82BF13FBA00C3B16B /* weatherAppUITests */ = {
			isa = PBXNativeTarget;
			buildConfigurationList = 2F732CF92BF13FBA00C3B16B /* Build configuration list for PBXNativeTarget "weatherAppUITests" */;
			buildPhases = (
				2F732CE52BF13FBA00C3B16B /* Sources */,
				2F732CE62BF13FBA00C3B16B /* Frameworks */,
				2F732CE72BF13FBA00C3B16B /* Resources */,
			);
			buildRules = (
			);
			dependencies = (
				2F732CEB2BF13FBA00C3B16B /* PBXTargetDependency */,
			);
			name = weatherAppUITests;
			productName = weatherAppUITests;
			productReference = 2F732CE92BF13FBA00C3B16B /* weatherAppUITests.xctest */;
			productType = "com.apple.product-type.bundle.ui-testing";
		};
/* End PBXNativeTarget section */

/* Begin PBXProject section */
		2F732CC72BF13FB900C3B16B /* Project object */ = {
			isa = PBXProject;
			attributes = {
				BuildIndependentTargetsInParallel = 1;
				LastSwiftUpdateCheck = 1530;
				LastUpgradeCheck = 1530;
				TargetAttributes = {
					2F732CCE2BF13FB900C3B16B = {
						CreatedOnToolsVersion = 15.3;
					};
					2F732CDE2BF13FBA00C3B16B = {
						CreatedOnToolsVersion = 15.3;
						TestTargetID = 2F732CCE2BF13FB900C3B16B;
					};
					2F732CE82BF13FBA00C3B16B = {
						CreatedOnToolsVersion = 15.3;
						TestTargetID = 2F732CCE2BF13FB900C3B16B;
					};
				};
			};
			buildConfigurationList = 2F732CCA2BF13FB900C3B16B /* Build configuration list for PBXProject "weatherApp" */;
			compatibilityVersion = "Xcode 14.0";
			developmentRegion = en;
			hasScannedForEncodings = 0;
			knownRegions = (
				en,
				Base,
			);
			mainGroup = 2F732CC62BF13FB900C3B16B;
			productRefGroup = 2F732CD02BF13FB900C3B16B /* Products */;
			projectDirPath = "";
			projectRoot = "";
			targets = (
				2F732CCE2BF13FB900C3B16B /* weatherApp */,
				2F732CDE2BF13FBA00C3B16B /* weatherAppTests */,
				2F732CE82BF13FBA00C3B16B /* weatherAppUITests */,
			);
		};
/* End PBXProject section */

/* Begin PBXResourcesBuildPhase section */
		2F732CCD2BF13FB900C3B16B /* Resources */ = {
			isa = PBXResourcesBuildPhase;
			buildActionMask = 2147483647;
			files = (
				2F732CDA2BF13FBA00C3B16B /* Preview Assets.xcassets in Resources */,
				2F732CD72BF13FBA00C3B16B /* Assets.xcassets in Resources */,
			);
			runOnlyForDeploymentPostprocessing = 0;
		};
		2F732CDD2BF13FBA00C3B16B /* Resources */ = {
			isa = PBXResourcesBuildPhase;
			buildActionMask = 2147483647;
			files = (
			);
			runOnlyForDeploymentPostprocessing = 0;
		};
		2F732CE72BF13FBA00C3B16B /* Resources */ = {
			isa = PBXResourcesBuildPhase;
			buildActionMask = 2147483647;
			files = (
			);
			runOnlyForDeploymentPostprocessing = 0;
		};
/* End PBXResourcesBuildPhase section */

/* Begin PBXSourcesBuildPhase section */
		2F732CCB2BF13FB900C3B16B /* Sources */ = {
			isa = PBXSourcesBuildPhase;
			buildActionMask = 2147483647;
			files = (
				2F95EAE02BF2708900DEAA2B /* WeatherManager.swift in Sources */,
				2F732CD52BF13FB900C3B16B /* ContentView.swift in Sources */,
				2F732CD32BF13FB900C3B16B /* weatherAppApp.swift in Sources */,
				2F732CFE2BF1408300C3B16B /* LocationManager.swift in Sources */,
				2F732D032BF1474C00C3B16B /* LoadingView.swift in Sources */,
				2F732D012BF1425800C3B16B /* WelcomeView.swift in Sources */,
			);
			runOnlyForDeploymentPostprocessing = 0;
		};
		2F732CDB2BF13FBA00C3B16B /* Sources */ = {
			isa = PBXSourcesBuildPhase;
			buildActionMask = 2147483647;
			files = (
				2F732CE42BF13FBA00C3B16B /* weatherAppTests.swift in Sources */,
			);
			runOnlyForDeploymentPostprocessing = 0;
		};
		2F732CE52BF13FBA00C3B16B /* Sources */ = {
			isa = PBXSourcesBuildPhase;
			buildActionMask = 2147483647;
			files = (
				2F732CEE2BF13FBA00C3B16B /* weatherAppUITests.swift in Sources */,
				2F732CF02BF13FBA00C3B16B /* weatherAppUITestsLaunchTests.swift in Sources */,
			);
			runOnlyForDeploymentPostprocessing = 0;
		};
/* End PBXSourcesBuildPhase section */

/* Begin PBXTargetDependency section */
		2F732CE12BF13FBA00C3B16B /* PBXTargetDependency */ = {
			isa = PBXTargetDependency;
			target = 2F732CCE2BF13FB900C3B16B /* weatherApp */;
			targetProxy = 2F732CE02BF13FBA00C3B16B /* PBXContainerItemProxy */;
		};
		2F732CEB2BF13FBA00C3B16B /* PBXTargetDependency */ = {
			isa = PBXTargetDependency;
			target = 2F732CCE2BF13FB900C3B16B /* weatherApp */;
			targetProxy = 2F732CEA2BF13FBA00C3B16B /* PBXContainerItemProxy */;
		};
/* End PBXTargetDependency section */

/* Begin XCBuildConfiguration section */
		2F732CF12BF13FBA00C3B16B /* Debug */ = {
			isa = XCBuildConfiguration;
			buildSettings = {
				ALWAYS_SEARCH_USER_PATHS = NO;
				ASSETCATALOG_COMPILER_GENERATE_SWIFT_ASSET_SYMBOL_EXTENSIONS = YES;
				CLANG_ANALYZER_NONNULL = YES;
				CLANG_ANALYZER_NUMBER_OBJECT_CONVERSION = YES_AGGRESSIVE;
				CLANG_CXX_LANGUAGE_STANDARD = "gnu++20";
				CLANG_ENABLE_MODULES = YES;
				CLANG_ENABLE_OBJC_ARC = YES;
				CLANG_ENABLE_OBJC_WEAK = YES;
				CLANG_WARN_BLOCK_CAPTURE_AUTORELEASING = YES;
				CLANG_WARN_BOOL_CONVERSION = YES;
				CLANG_WARN_COMMA = YES;
				CLANG_WARN_CONSTANT_CONVERSION = YES;
				CLANG_WARN_DEPRECATED_OBJC_IMPLEMENTATIONS = YES;
				CLANG_WARN_DIRECT_OBJC_ISA_USAGE = YES_ERROR;
				CLANG_WARN_DOCUMENTATION_COMMENTS = YES;
				CLANG_WARN_EMPTY_BODY = YES;
				CLANG_WARN_ENUM_CONVERSION = YES;
				CLANG_WARN_INFINITE_RECURSION = YES;
				CLANG_WARN_INT_CONVERSION = YES;
				CLANG_WARN_NON_LITERAL_NULL_CONVERSION = YES;
				CLANG_WARN_OBJC_IMPLICIT_RETAIN_SELF = YES;
				CLANG_WARN_OBJC_LITERAL_CONVERSION = YES;
				CLANG_WARN_OBJC_ROOT_CLASS = YES_ERROR;
				CLANG_WARN_QUOTED_INCLUDE_IN_FRAMEWORK_HEADER = YES;
				CLANG_WARN_RANGE_LOOP_ANALYSIS = YES;
				CLANG_WARN_STRICT_PROTOTYPES = YES;
				CLANG_WARN_SUSPICIOUS_MOVE = YES;
				CLANG_WARN_UNGUARDED_AVAILABILITY = YES_AGGRESSIVE;
				CLANG_WARN_UNREACHABLE_CODE = YES;
				CLANG_WARN__DUPLICATE_METHOD_MATCH = YES;
				COPY_PHASE_STRIP = NO;
				DEBUG_INFORMATION_FORMAT = dwarf;
				ENABLE_STRICT_OBJC_MSGSEND = YES;
				ENABLE_TESTABILITY = YES;
				ENABLE_USER_SCRIPT_SANDBOXING = YES;
				GCC_C_LANGUAGE_STANDARD = gnu17;
				GCC_DYNAMIC_NO_PIC = NO;
				GCC_NO_COMMON_BLOCKS = YES;
				GCC_OPTIMIZATION_LEVEL = 0;
				GCC_PREPROCESSOR_DEFINITIONS = (
					"DEBUG=1",
					"$(inherited)",
				);
				GCC_WARN_64_TO_32_BIT_CONVERSION = YES;
				GCC_WARN_ABOUT_RETURN_TYPE = YES_ERROR;
				GCC_WARN_UNDECLARED_SELECTOR = YES;
				GCC_WARN_UNINITIALIZED_AUTOS = YES_AGGRESSIVE;
				GCC_WARN_UNUSED_FUNCTION = YES;
				GCC_WARN_UNUSED_VARIABLE = YES;
				IPHONEOS_DEPLOYMENT_TARGET = 17.4;
				LOCALIZATION_PREFERS_STRING_CATALOGS = YES;
				MTL_ENABLE_DEBUG_INFO = INCLUDE_SOURCE;
				MTL_FAST_MATH = YES;
				ONLY_ACTIVE_ARCH = YES;
				SDKROOT = iphoneos;
				SWIFT_ACTIVE_COMPILATION_CONDITIONS = "DEBUG $(inherited)";
				SWIFT_OPTIMIZATION_LEVEL = "-Onone";
			};
			name = Debug;
		};
		2F732CF22BF13FBA00C3B16B /* Release */ = {
			isa = XCBuildConfiguration;
			buildSettings = {
				ALWAYS_SEARCH_USER_PATHS = NO;
				ASSETCATALOG_COMPILER_GENERATE_SWIFT_ASSET_SYMBOL_EXTENSIONS = YES;
				CLANG_ANALYZER_NONNULL = YES;
				CLANG_ANALYZER_NUMBER_OBJECT_CONVERSION = YES_AGGRESSIVE;
				CLANG_CXX_LANGUAGE_STANDARD = "gnu++20";
				CLANG_ENABLE_MODULES = YES;
				CLANG_ENABLE_OBJC_ARC = YES;
				CLANG_ENABLE_OBJC_WEAK = YES;
				CLANG_WARN_BLOCK_CAPTURE_AUTORELEASING = YES;
				CLANG_WARN_BOOL_CONVERSION = YES;
				CLANG_WARN_COMMA = YES;
				CLANG_WARN_CONSTANT_CONVERSION = YES;
				CLANG_WARN_DEPRECATED_OBJC_IMPLEMENTATIONS = YES;
				CLANG_WARN_DIRECT_OBJC_ISA_USAGE = YES_ERROR;
				CLANG_WARN_DOCUMENTATION_COMMENTS = YES;
				CLANG_WARN_EMPTY_BODY = YES;
				CLANG_WARN_ENUM_CONVERSION = YES;
				CLANG_WARN_INFINITE_RECURSION = YES;
				CLANG_WARN_INT_CONVERSION = YES;
				CLANG_WARN_NON_LITERAL_NULL_CONVERSION = YES;
				CLANG_WARN_OBJC_IMPLICIT_RETAIN_SELF = YES;
				CLANG_WARN_OBJC_LITERAL_CONVERSION = YES;
				CLANG_WARN_OBJC_ROOT_CLASS = YES_ERROR;
				CLANG_WARN_QUOTED_INCLUDE_IN_FRAMEWORK_HEADER = YES;
				CLANG_WARN_RANGE_LOOP_ANALYSIS = YES;
				CLANG_WARN_STRICT_PROTOTYPES = YES;
				CLANG_WARN_SUSPICIOUS_MOVE = YES;
				CLANG_WARN_UNGUARDED_AVAILABILITY = YES_AGGRESSIVE;
				CLANG_WARN_UNREACHABLE_CODE = YES;
				CLANG_WARN__DUPLICATE_METHOD_MATCH = YES;
				COPY_PHASE_STRIP = NO;
				DEBUG_INFORMATION_FORMAT = "dwarf-with-dsym";
				ENABLE_NS_ASSERTIONS = NO;
				ENABLE_STRICT_OBJC_MSGSEND = YES;
				ENABLE_USER_SCRIPT_SANDBOXING = YES;
				GCC_C_LANGUAGE_STANDARD = gnu17;
				GCC_NO_COMMON_BLOCKS = YES;
				GCC_WARN_64_TO_32_BIT_CONVERSION = YES;
				GCC_WARN_ABOUT_RETURN_TYPE = YES_ERROR;
				GCC_WARN_UNDECLARED_SELECTOR = YES;
				GCC_WARN_UNINITIALIZED_AUTOS = YES_AGGRESSIVE;
				GCC_WARN_UNUSED_FUNCTION = YES;
				GCC_WARN_UNUSED_VARIABLE = YES;
				IPHONEOS_DEPLOYMENT_TARGET = 17.4;
				LOCALIZATION_PREFERS_STRING_CATALOGS = YES;
				MTL_ENABLE_DEBUG_INFO = NO;
				MTL_FAST_MATH = YES;
				SDKROOT = iphoneos;
				SWIFT_COMPILATION_MODE = wholemodule;
				VALIDATE_PRODUCT = YES;
			};
			name = Release;
		};
		2F732CF42BF13FBA00C3B16B /* Debug */ = {
			isa = XCBuildConfiguration;
			buildSettings = {
				ASSETCATALOG_COMPILER_APPICON_NAME = AppIcon;
				ASSETCATALOG_COMPILER_GLOBAL_ACCENT_COLOR_NAME = AccentColor;
				CODE_SIGN_STYLE = Automatic;
				CURRENT_PROJECT_VERSION = 1;
				DEVELOPMENT_ASSET_PATHS = "\"weatherApp/Preview Content\"";
				DEVELOPMENT_TEAM = 3398AZRMFM;
				ENABLE_PREVIEWS = YES;
				GENERATE_INFOPLIST_FILE = YES;
				INFOPLIST_KEY_UIApplicationSceneManifest_Generation = YES;
				INFOPLIST_KEY_UIApplicationSupportsIndirectInputEvents = YES;
				INFOPLIST_KEY_UILaunchScreen_Generation = YES;
				INFOPLIST_KEY_UISupportedInterfaceOrientations_iPad = "UIInterfaceOrientationPortrait UIInterfaceOrientationPortraitUpsideDown UIInterfaceOrientationLandscapeLeft UIInterfaceOrientationLandscapeRight";
				INFOPLIST_KEY_UISupportedInterfaceOrientations_iPhone = "UIInterfaceOrientationPortrait UIInterfaceOrientationLandscapeLeft UIInterfaceOrientationLandscapeRight";
				LD_RUNPATH_SEARCH_PATHS = (
					"$(inherited)",
					"@executable_path/Frameworks",
				);
				MARKETING_VERSION = 1.0;
				PRODUCT_BUNDLE_IDENTIFIER = teste.weatherApp;
				PRODUCT_NAME = "$(TARGET_NAME)";
				SWIFT_EMIT_LOC_STRINGS = YES;
				SWIFT_VERSION = 5.0;
				TARGETED_DEVICE_FAMILY = "1,2";
			};
			name = Debug;
		};
		2F732CF52BF13FBA00C3B16B /* Release */ = {
			isa = XCBuildConfiguration;
			buildSettings = {
				ASSETCATALOG_COMPILER_APPICON_NAME = AppIcon;
				ASSETCATALOG_COMPILER_GLOBAL_ACCENT_COLOR_NAME = AccentColor;
				CODE_SIGN_STYLE = Automatic;
				CURRENT_PROJECT_VERSION = 1;
				DEVELOPMENT_ASSET_PATHS = "\"weatherApp/Preview Content\"";
				DEVELOPMENT_TEAM = 3398AZRMFM;
				ENABLE_PREVIEWS = YES;
				GENERATE_INFOPLIST_FILE = YES;
				INFOPLIST_KEY_UIApplicationSceneManifest_Generation = YES;
				INFOPLIST_KEY_UIApplicationSupportsIndirectInputEvents = YES;
				INFOPLIST_KEY_UILaunchScreen_Generation = YES;
				INFOPLIST_KEY_UISupportedInterfaceOrientations_iPad = "UIInterfaceOrientationPortrait UIInterfaceOrientationPortraitUpsideDown UIInterfaceOrientationLandscapeLeft UIInterfaceOrientationLandscapeRight";
				INFOPLIST_KEY_UISupportedInterfaceOrientations_iPhone = "UIInterfaceOrientationPortrait UIInterfaceOrientationLandscapeLeft UIInterfaceOrientationLandscapeRight";
				LD_RUNPATH_SEARCH_PATHS = (
					"$(inherited)",
					"@executable_path/Frameworks",
				);
				MARKETING_VERSION = 1.0;
				PRODUCT_BUNDLE_IDENTIFIER = teste.weatherApp;
				PRODUCT_NAME = "$(TARGET_NAME)";
				SWIFT_EMIT_LOC_STRINGS = YES;
				SWIFT_VERSION = 5.0;
				TARGETED_DEVICE_FAMILY = "1,2";
			};
			name = Release;
		};
		2F732CF72BF13FBA00C3B16B /* Debug */ = {
			isa = XCBuildConfiguration;
			buildSettings = {
				ALWAYS_EMBED_SWIFT_STANDARD_LIBRARIES = YES;
				BUNDLE_LOADER = "$(TEST_HOST)";
				CODE_SIGN_STYLE = Automatic;
				CURRENT_PROJECT_VERSION = 1;
				DEVELOPMENT_TEAM = 3398AZRMFM;
				GENERATE_INFOPLIST_FILE = YES;
				IPHONEOS_DEPLOYMENT_TARGET = 17.4;
				MARKETING_VERSION = 1.0;
				PRODUCT_BUNDLE_IDENTIFIER = teste.weatherAppTests;
				PRODUCT_NAME = "$(TARGET_NAME)";
				SWIFT_EMIT_LOC_STRINGS = NO;
				SWIFT_VERSION = 5.0;
				TARGETED_DEVICE_FAMILY = "1,2";
				TEST_HOST = "$(BUILT_PRODUCTS_DIR)/weatherApp.app/$(BUNDLE_EXECUTABLE_FOLDER_PATH)/weatherApp";
			};
			name = Debug;
		};
		2F732CF82BF13FBA00C3B16B /* Release */ = {
			isa = XCBuildConfiguration;
			buildSettings = {
				ALWAYS_EMBED_SWIFT_STANDARD_LIBRARIES = YES;
				BUNDLE_LOADER = "$(TEST_HOST)";
				CODE_SIGN_STYLE = Automatic;
				CURRENT_PROJECT_VERSION = 1;
				DEVELOPMENT_TEAM = 3398AZRMFM;
				GENERATE_INFOPLIST_FILE = YES;
				IPHONEOS_DEPLOYMENT_TARGET = 17.4;
				MARKETING_VERSION = 1.0;
				PRODUCT_BUNDLE_IDENTIFIER = teste.weatherAppTests;
				PRODUCT_NAME = "$(TARGET_NAME)";
				SWIFT_EMIT_LOC_STRINGS = NO;
				SWIFT_VERSION = 5.0;
				TARGETED_DEVICE_FAMILY = "1,2";
				TEST_HOST = "$(BUILT_PRODUCTS_DIR)/weatherApp.app/$(BUNDLE_EXECUTABLE_FOLDER_PATH)/weatherApp";
			};
			name = Release;
		};
		2F732CFA2BF13FBA00C3B16B /* Debug */ = {
			isa = XCBuildConfiguration;
			buildSettings = {
				ALWAYS_EMBED_SWIFT_STANDARD_LIBRARIES = YES;
				CODE_SIGN_STYLE = Automatic;
				CURRENT_PROJECT_VERSION = 1;
				DEVELOPMENT_TEAM = 3398AZRMFM;
				GENERATE_INFOPLIST_FILE = YES;
				MARKETING_VERSION = 1.0;
				PRODUCT_BUNDLE_IDENTIFIER = teste.weatherAppUITests;
				PRODUCT_NAME = "$(TARGET_NAME)";
				SWIFT_EMIT_LOC_STRINGS = NO;
				SWIFT_VERSION = 5.0;
				TARGETED_DEVICE_FAMILY = "1,2";
				TEST_TARGET_NAME = weatherApp;
			};
			name = Debug;
		};
		2F732CFB2BF13FBA00C3B16B /* Release */ = {
			isa = XCBuildConfiguration;
			buildSettings = {
				ALWAYS_EMBED_SWIFT_STANDARD_LIBRARIES = YES;
				CODE_SIGN_STYLE = Automatic;
				CURRENT_PROJECT_VERSION = 1;
				DEVELOPMENT_TEAM = 3398AZRMFM;
				GENERATE_INFOPLIST_FILE = YES;
				MARKETING_VERSION = 1.0;
				PRODUCT_BUNDLE_IDENTIFIER = teste.weatherAppUITests;
				PRODUCT_NAME = "$(TARGET_NAME)";
				SWIFT_EMIT_LOC_STRINGS = NO;
				SWIFT_VERSION = 5.0;
				TARGETED_DEVICE_FAMILY = "1,2";
				TEST_TARGET_NAME = weatherApp;
			};
			name = Release;
		};
/* End XCBuildConfiguration section */

/* Begin XCConfigurationList section */
		2F732CCA2BF13FB900C3B16B /* Build configuration list for PBXProject "weatherApp" */ = {
			isa = XCConfigurationList;
			buildConfigurations = (
				2F732CF12BF13FBA00C3B16B /* Debug */,
				2F732CF22BF13FBA00C3B16B /* Release */,
			);
			defaultConfigurationIsVisible = 0;
			defaultConfigurationName = Release;
		};
		2F732CF32BF13FBA00C3B16B /* Build configuration list for PBXNativeTarget "weatherApp" */ = {
			isa = XCConfigurationList;
			buildConfigurations = (
				2F732CF42BF13FBA00C3B16B /* Debug */,
				2F732CF52BF13FBA00C3B16B /* Release */,
			);
			defaultConfigurationIsVisible = 0;
			defaultConfigurationName = Release;
		};
		2F732CF62BF13FBA00C3B16B /* Build configuration list for PBXNativeTarget "weatherAppTests" */ = {
			isa = XCConfigurationList;
			buildConfigurations = (
				2F732CF72BF13FBA00C3B16B /* Debug */,
				2F732CF82BF13FBA00C3B16B /* Release */,
			);
			defaultConfigurationIsVisible = 0;
			defaultConfigurationName = Release;
		};
		2F732CF92BF13FBA00C3B16B /* Build configuration list for PBXNativeTarget "weatherAppUITests" */ = {
			isa = XCConfigurationList;
			buildConfigurations = (
				2F732CFA2BF13FBA00C3B16B /* Debug */,
				2F732CFB2BF13FBA00C3B16B /* Release */,
			);
			defaultConfigurationIsVisible = 0;
			defaultConfigurationName = Release;
		};
/* End XCConfigurationList section */
	};
	rootObject = 2F732CC72BF13FB900C3B16B /* Project object */;
}
